
Microsoft Visual Studio Solution File, Format Version 12.00
# Visual Studio Version 17
VisualStudioVersion = 17.5.002.0
MinimumVisualStudioVersion = 10.0.40219.1
Project("{9A19103F-16F7-4668-BE54-9A1E7A4F7556}") = "jogoinfinito", "jogoinfinito\jogoinfinito.csproj", "{D3F8061D-F332-4475-8AFC-2017520EDDD8}"
EndProject
Global
	GlobalSection(SolutionConfigurationPlatforms) = preSolution
		Debug|Any CPU = Debug|Any CPU
		Release|Any CPU = Release|Any CPU
	EndGlobalSection
	GlobalSection(ProjectConfigurationPlatforms) = postSolution
		{D3F8061D-F332-4475-8AFC-2017520EDDD8}.Debug|Any CPU.ActiveCfg = Debug|Any CPU
		{D3F8061D-F332-4475-8AFC-2017520EDDD8}.Debug|Any CPU.Build.0 = Debug|Any CPU
		{D3F8061D-F332-4475-8AFC-2017520EDDD8}.Release|Any CPU.ActiveCfg = Release|Any CPU
		{D3F8061D-F332-4475-8AFC-2017520EDDD8}.Release|Any CPU.Build.0 = Release|Any CPU
	EndGlobalSection
	GlobalSection(SolutionProperties) = preSolution
		HideSolutionNode = FALSE
	EndGlobalSection
	GlobalSection(ExtensibilityGlobals) = postSolution
		SolutionGuid = {D7EE5E57-A837-4F76-842D-8BBB5426FD2B}
	EndGlobalSection
EndGlobal
